<?xml version="1.0" encoding="utf-8"?>
<Project ToolsVersion="4.0" xmlns="http://schemas.microsoft.com/developer/msbuild/2003">
  <ItemGroup>
    <ClCompile Include="Src\System\Main.c" />
    <ClCompile Include="Src\System\Timeslice.c" />
    <ClCompile Include="Src\Target\Target.c" />
    <ClCompile Include="Wrapper\WrapperMain.c" />
    <ClCompile Include="Wrapper\WrapperSysTick.c" />
    <ClCompile Include="Src\Drv\Interrupt.c" />
    <ClCompile Include="Src\DrvOut\GpioOut.c" />
    <ClCompile Include="Src\App\StatusLed.c" />
    <ClCompile Include="Src\HalOut\PortOut.c" />
    <ClCompile Include="Wrapper\WrapperRegister.c" />
    <ClCompile Include="Src\CortexM23\CortexM23Stk.c" />
    <ClCompile Include="Src\Drv\M2L31Clk.c" />
    <ClCompile Include="Src\Drv\M2L31Gpio.c" />
  </ItemGroup>
  <ItemGroup>
    <ClInclude Include="Src\System\Main.h" />
    <ClInclude Include="Src\System\Timeslice.h" />
    <ClInclude Include="Src\Drv\Interrupt.h" />
    <ClInclude Include="Src\DrvOut\GpioOut.h" />
    <ClInclude Include="Src\App\StatusLed.h" />
    <ClInclude Include="Src\HalOut\PortOut.h" />
    <ClInclude Include="Src\CortexM23\CortexM23Stk.h" />
    <ClInclude Include="Src\CortexM23\CortexM23StkDef.h" />
    <ClInclude Include="Src\Drv\M2L31Clk.h" />
    <ClInclude Include="Src\Drv\M2L31Gpio.h" />
  </ItemGroup>
</Project>